dependencies:
  espressif/esp-dsp:
    component_hash: fa5569422410f2929c7b70f5a67369f53ed1a508e612a2ece556593fa32b6f63
    source:
      service_url: https://api.components.espressif.com/
      type: service
    version: 1.4.7
  idf:
    component_hash: null
    source:
      type: idf
    version: 4.4.2
manifest_hash: d43542e0141445dda1410602f139e2f64e8d1b168d2ed6dd0255b8aa85bcdab6
target: esp32s3
version: 1.0.0
